
Microsoft Visual Studio Solution File, Format Version 12.00
# Visual Studio 15
VisualStudioVersion = 15.0.27004.2009
MinimumVisualStudioVersion = 10.0.40219.1
Project("{FAE04EC0-301F-11D3-BF4B-00C04F79EFBC}") = "Shadow2hel's Workshop Publisher", "WorkshopPublisherForm\Shadow2hel's Workshop Publisher.csproj", "{D61B4728-314D-4B50-8960-8C44D0129CE7}"
EndProject
Global
	GlobalSection(SolutionConfigurationPlatforms) = preSolution
		Debug|Any CPU = Debug|Any CPU
		Release|Any CPU = Release|Any CPU
	EndGlobalSection
	GlobalSection(ProjectConfigurationPlatforms) = postSolution
		{D61B4728-314D-4B50-8960-8C44D0129CE7}.Debug|Any CPU.ActiveCfg = Release|Any CPU
		{D61B4728-314D-4B50-8960-8C44D0129CE7}.Debug|Any CPU.Build.0 = Release|Any CPU
		{D61B4728-314D-4B50-8960-8C44D0129CE7}.Release|Any CPU.ActiveCfg = Release|Any CPU
		{D61B4728-314D-4B50-8960-8C44D0129CE7}.Release|Any CPU.Build.0 = Release|Any CPU
	EndGlobalSection
	GlobalSection(SolutionProperties) = preSolution
		HideSolutionNode = FALSE
	EndGlobalSection
	GlobalSection(ExtensibilityGlobals) = postSolution
		SolutionGuid = {98F35FB9-6C03-479C-B4D9-198291FB10FA}
	EndGlobalSection
EndGlobal
